<?xml version="1.0" encoding="utf-8"?>
<Project ToolsVersion="4.0" xmlns="http://schemas.microsoft.com/developer/msbuild/2003">
  <ItemGroup>
    <Filter Include="소스 파일">
      <UniqueIdentifier>{4FC737F1-C7A5-4376-A066-2A32D752A2FF}</UniqueIdentifier>
      <Extensions>cpp;c;cc;cxx;c++;cppm;ixx;def;odl;idl;hpj;bat;asm;asmx</Extensions>
    </Filter>
    <Filter Include="헤더 파일">
      <UniqueIdentifier>{93995380-89BD-4b04-88EB-625FBE52EBFB}</UniqueIdentifier>
      <Extensions>h;hh;hpp;hxx;h++;hm;inl;inc;ipp;xsd</Extensions>
    </Filter>
    <Filter Include="리소스 파일">
      <UniqueIdentifier>{67DA6AB6-F800-4c08-8B7A-83BB121AAD01}</UniqueIdentifier>
      <Extensions>rc;ico;cur;bmp;dlg;rc2;rct;bin;rgs;gif;jpg;jpeg;jpe;resx;tiff;tif;png;wav;mfcribbon-ms</Extensions>
    </Filter>
  </ItemGroup>
  <ItemGroup>
    <ClInclude Include="Vender\include\imgui\imgui.h">
      <Filter>헤더 파일</Filter>
    </ClInclude>
    <ClInclude Include="Vender\include\imgui\imgui_impl_dx11.h">
      <Filter>헤더 파일</Filter>
    </ClInclude>
    <ClInclude Include="Vender\include\imgui\imgui_impl_win32.h">
      <Filter>헤더 파일</Filter>
    </ClInclude>
    <ClInclude Include="Vender\include\imgui\imgui_internal.h">
      <Filter>헤더 파일</Filter>
    </ClInclude>
    <ClInclude Include="Vender\include\imgui\imstb_truetype.h">
      <Filter>헤더 파일</Filter>
    </ClInclude>
    <ClInclude Include="Vender\include\imgui\imstb_textedit.h">
      <Filter>헤더 파일</Filter>
    </ClInclude>
    <ClInclude Include="Vender\include\imgui\imstb_rectpack.h">
      <Filter>헤더 파일</Filter>
    </ClInclude>
    <ClInclude Include="Vender\include\imgui\imconfig.h">
      <Filter>헤더 파일</Filter>
    </ClInclude>
    <ClInclude Include="common_pch.h">
      <Filter>헤더 파일</Filter>
    </ClInclude>
    <ClInclude Include="AppDefines.h">
      <Filter>헤더 파일</Filter>
    </ClInclude>
    <ClInclude Include="Debug\Assert.h">
      <Filter>헤더 파일</Filter>
    </ClInclude>
    <ClInclude Include="Core\Entity\Camera\MCameraManager.h">
      <Filter>헤더 파일</Filter>
    </ClInclude>
    <ClInclude Include="Core\Entity\JObject.h">
      <Filter>헤더 파일</Filter>
    </ClInclude>
    <ClInclude Include="Core\Graphics\Font\JFont.h">
      <Filter>헤더 파일</Filter>
    </ClInclude>
    <ClInclude Include="Core\Graphics\Font\XTKFont.h">
      <Filter>헤더 파일</Filter>
    </ClInclude>
    <ClInclude Include="Core\Graphics\Layer\XLayerBase.h">
      <Filter>헤더 파일</Filter>
    </ClInclude>
    <ClInclude Include="Core\Graphics\Material\JMaterial.h">
      <Filter>헤더 파일</Filter>
    </ClInclude>
    <ClInclude Include="Core\Graphics\Shader\InputLayouts.h">
      <Filter>헤더 파일</Filter>
    </ClInclude>
    <ClInclude Include="Core\Graphics\Shader\JShader.h">
      <Filter>헤더 파일</Filter>
    </ClInclude>
    <ClInclude Include="Core\Graphics\Shader\MShaderManager.h">
      <Filter>헤더 파일</Filter>
    </ClInclude>
    <ClInclude Include="Core\Graphics\State\SamplerState.h">
      <Filter>헤더 파일</Filter>
    </ClInclude>
    <ClInclude Include="Core\Graphics\Texture\JTexture.h">
      <Filter>헤더 파일</Filter>
    </ClInclude>
    <ClInclude Include="Core\Graphics\Texture\MTextureManager.h">
      <Filter>헤더 파일</Filter>
    </ClInclude>
    <ClInclude Include="Core\Graphics\Vertex\XTKPrimitiveBatch.h">
      <Filter>헤더 파일</Filter>
    </ClInclude>
    <ClInclude Include="Core\Graphics\Vertex\XVertexMesh.h">
      <Filter>헤더 파일</Filter>
    </ClInclude>
    <ClInclude Include="Core\Graphics\Viewport\MViewportManager.h">
      <Filter>헤더 파일</Filter>
    </ClInclude>
    <ClInclude Include="Core\Graphics\DirectMathHelper.h">
      <Filter>헤더 파일</Filter>
    </ClInclude>
    <ClInclude Include="Core\Graphics\graphics_common_include.h">
      <Filter>헤더 파일</Filter>
    </ClInclude>
    <ClInclude Include="Core\Graphics\ShaderStructs.h">
      <Filter>헤더 파일</Filter>
    </ClInclude>
    <ClInclude Include="Core\Input\XController.h">
      <Filter>헤더 파일</Filter>
    </ClInclude>
    <ClInclude Include="Core\Input\XKeyboardMouse.h">
      <Filter>헤더 파일</Filter>
    </ClInclude>
    <ClInclude Include="Core\Interface\ICoreInterface.h">
      <Filter>헤더 파일</Filter>
    </ClInclude>
    <ClInclude Include="Core\Interface\IRenderable.h">
      <Filter>헤더 파일</Filter>
    </ClInclude>
    <ClInclude Include="Core\Manager\Manager_Base.h">
      <Filter>헤더 파일</Filter>
    </ClInclude>
    <ClInclude Include="Core\Thread\ThreadPool.h">
      <Filter>헤더 파일</Filter>
    </ClInclude>
    <ClInclude Include="Core\Thread\ThreadQueue.h">
      <Filter>헤더 파일</Filter>
    </ClInclude>
    <ClInclude Include="Core\Utils\FileIO\JSerialization.h">
      <Filter>헤더 파일</Filter>
    </ClInclude>
    <ClInclude Include="Core\Utils\Math\Color.h">
      <Filter>헤더 파일</Filter>
    </ClInclude>
    <ClInclude Include="Core\Utils\Math\FTransform.h">
      <Filter>헤더 파일</Filter>
    </ClInclude>
    <ClInclude Include="Core\Utils\Math\MathFwd.h">
      <Filter>헤더 파일</Filter>
    </ClInclude>
    <ClInclude Include="Core\Utils\Math\MathUtility.h">
      <Filter>헤더 파일</Filter>
    </ClInclude>
    <ClInclude Include="Core\Utils\Math\Quaternion.h">
      <Filter>헤더 파일</Filter>
    </ClInclude>
    <ClInclude Include="Core\Utils\Math\TMatrix.h">
      <Filter>헤더 파일</Filter>
    </ClInclude>
    <ClInclude Include="Core\Utils\Math\Vector.h">
      <Filter>헤더 파일</Filter>
    </ClInclude>
    <ClInclude Include="Core\Utils\Math\Vector2.h">
      <Filter>헤더 파일</Filter>
    </ClInclude>
    <ClInclude Include="Core\Utils\Math\Vector4.h">
      <Filter>헤더 파일</Filter>
    </ClInclude>
    <ClInclude Include="Core\Utils\ObjectLoader\FbxFile.h">
      <Filter>헤더 파일</Filter>
    </ClInclude>
    <ClInclude Include="Core\Utils\ObjectLoader\FbxUtils.h">
      <Filter>헤더 파일</Filter>
    </ClInclude>
    <ClInclude Include="Core\Utils\HelperFunction.h">
      <Filter>헤더 파일</Filter>
    </ClInclude>
    <ClInclude Include="Core\Utils\Logger.h">
      <Filter>헤더 파일</Filter>
    </ClInclude>
    <ClInclude Include="Core\Utils\Timer.h">
      <Filter>헤더 파일</Filter>
    </ClInclude>
    <ClInclude Include="Core\Utils\Utils.h">
      <Filter>헤더 파일</Filter>
    </ClInclude>
    <ClInclude Include="Core\Window\Application.h">
      <Filter>헤더 파일</Filter>
    </ClInclude>
    <ClInclude Include="Core\Window\Window.h">
      <Filter>헤더 파일</Filter>
    </ClInclude>
    <ClInclude Include="GUI\MGUIManager.h">
      <Filter>헤더 파일</Filter>
    </ClInclude>
    <ClInclude Include="common_include.h">
      <Filter>헤더 파일</Filter>
    </ClInclude>
    <ClInclude Include="enums.h">
      <Filter>헤더 파일</Filter>
    </ClInclude>
    <ClInclude Include="Core\Utils\Graphics\DXUtils.h">
      <Filter>헤더 파일</Filter>
    </ClInclude>
    <ClInclude Include="Core\Graphics\Mesh\JMeshObject.h">
      <Filter>헤더 파일</Filter>
    </ClInclude>
    <ClInclude Include="Core\Graphics\Mesh\MMeshManager.h">
      <Filter>헤더 파일</Filter>
    </ClInclude>
    <ClInclude Include="Core\Graphics\XD3DDevice.h">
      <Filter>헤더 파일</Filter>
    </ClInclude>
    <ClInclude Include="Core\Graphics\Material\MMaterialManager.h">
      <Filter>헤더 파일</Filter>
    </ClInclude>
    <ClInclude Include="Core\Graphics\Mesh\JMeshData.h">
      <Filter>헤더 파일</Filter>
    </ClInclude>
    <ClInclude Include="Core\Graphics\Shader\SFXAAEffect.h">
      <Filter>헤더 파일</Filter>
    </ClInclude>
    <ClInclude Include="Core\Manager\IManagedInterface.h">
      <Filter>헤더 파일</Filter>
    </ClInclude>
    <ClInclude Include="GUI\Editor\GUI_Editor_Material.h">
      <Filter>헤더 파일</Filter>
    </ClInclude>
    <ClInclude Include="GUI\GUI_AssetBrowser.h">
      <Filter>헤더 파일</Filter>
    </ClInclude>
    <ClInclude Include="GUI\GUI_Base.h">
      <Filter>헤더 파일</Filter>
    </ClInclude>
    <ClInclude Include="GUI\GUI_Inspector.h">
      <Filter>헤더 파일</Filter>
    </ClInclude>
    <ClInclude Include="GUI\GUI_Themes.h">
      <Filter>헤더 파일</Filter>
    </ClInclude>
    <ClInclude Include="GUI\Popup\GUI_Popup_FileBrowser.h">
      <Filter>헤더 파일</Filter>
    </ClInclude>
    <ClInclude Include="GUI\Viewport\GUI_Viewport.h">
      <Filter>헤더 파일</Filter>
    </ClInclude>
    <ClInclude Include="GUI\Viewport\GUI_Viewport_Scene.h">
      <Filter>헤더 파일</Filter>
    </ClInclude>
    <ClInclude Include="Core\Entity\Animation\JAnimationClip.h">
      <Filter>헤더 파일</Filter>
    </ClInclude>
    <ClInclude Include="Core\Entity\Animation\JAnimator.h">
      <Filter>헤더 파일</Filter>
    </ClInclude>
    <ClInclude Include="Core\Entity\Component\JActorComponent.h">
      <Filter>헤더 파일</Filter>
    </ClInclude>
    <ClInclude Include="Core\Entity\Component\Mesh\JStaticMeshComponent.h">
      <Filter>헤더 파일</Filter>
    </ClInclude>
    <ClInclude Include="Core\Entity\Component\Scene\JSceneComponent.h">
      <Filter>헤더 파일</Filter>
    </ClInclude>
    <ClInclude Include="Core\Entity\LandScape\JLandScape.h">
      <Filter>헤더 파일</Filter>
    </ClInclude>
    <ClInclude Include="Core\Entity\Level\JLevel.h">
      <Filter>헤더 파일</Filter>
    </ClInclude>
    <ClInclude Include="Core\Entity\Level\MLevelManager.h">
      <Filter>헤더 파일</Filter>
    </ClInclude>
    <ClInclude Include="Core\Entity\Light\JLightComponent.h">
      <Filter>헤더 파일</Filter>
    </ClInclude>
    <ClInclude Include="Core\Utils\Collision\CollisionUtils.h">
      <Filter>헤더 파일</Filter>
    </ClInclude>
    <ClInclude Include="GUI\Editor\LandScape\GUI_Editor_LandScape.h">
      <Filter>헤더 파일</Filter>
    </ClInclude>
    <ClInclude Include="Core\Entity\Actor\AActor.h">
      <Filter>헤더 파일</Filter>
    </ClInclude>
    <ClInclude Include="Core\Entity\Actor\APawn.h">
      <Filter>헤더 파일</Filter>
    </ClInclude>
    <ClInclude Include="Core\Entity\Actor\Character\ACharacter.h">
      <Filter>헤더 파일</Filter>
    </ClInclude>
    <ClInclude Include="Core\Entity\Actor\JSkeletalMeshActor.h">
      <Filter>헤더 파일</Filter>
    </ClInclude>
    <ClInclude Include="Core\Entity\Actor\JStaticMeshActor.h">
      <Filter>헤더 파일</Filter>
    </ClInclude>
    <ClInclude Include="Core\Entity\Animation\MAnimManager.h">
      <Filter>헤더 파일</Filter>
    </ClInclude>
    <ClInclude Include="Core\Entity\Audio\JAudioComponent.h">
      <Filter>헤더 파일</Filter>
    </ClInclude>
    <ClInclude Include="Core\Entity\Audio\MSoundManager.h">
      <Filter>헤더 파일</Filter>
    </ClInclude>
    <ClInclude Include="Core\Entity\Camera\JCameraComponent.h">
      <Filter>헤더 파일</Filter>
    </ClInclude>
    <ClInclude Include="Core\Entity\Component\AI\BtBase.h">
      <Filter>헤더 파일</Filter>
    </ClInclude>
    <ClInclude Include="Core\Entity\Component\AI\BTBuilder.h">
      <Filter>헤더 파일</Filter>
    </ClInclude>
    <ClInclude Include="Core\Entity\Component\AI\BT_BigZombie.h">
      <Filter>헤더 파일</Filter>
    </ClInclude>
    <ClInclude Include="Core\Entity\Component\AI\BT_BOSS.h">
      <Filter>헤더 파일</Filter>
    </ClInclude>
    <ClInclude Include="Core\Entity\Component\AI\BT_Butcher.h">
      <Filter>헤더 파일</Filter>
    </ClInclude>
    <ClInclude Include="Core\Entity\Component\AI\BT_Girl.h">
      <Filter>헤더 파일</Filter>
    </ClInclude>
    <ClInclude Include="Core\Entity\Component\AI\BT_Pig.h">
      <Filter>헤더 파일</Filter>
    </ClInclude>
    <ClInclude Include="Core\Entity\Component\AI\Node.h">
      <Filter>헤더 파일</Filter>
    </ClInclude>
    <ClInclude Include="Core\Entity\Component\Mesh\JSkeletalMeshComponent.h">
      <Filter>헤더 파일</Filter>
    </ClInclude>
    <ClInclude Include="Core\Entity\Component\Movement\JPawnMovementComponent.h">
      <Filter>헤더 파일</Filter>
    </ClInclude>
    <ClInclude Include="Core\Entity\Component\Scene\Shape\Collision\MCollisionManager.h">
      <Filter>헤더 파일</Filter>
    </ClInclude>
    <ClInclude Include="Core\Entity\Component\Scene\Shape\JShape.h">
      <Filter>헤더 파일</Filter>
    </ClInclude>
    <ClInclude Include="Core\Entity\Light\JLight_Point.h">
      <Filter>헤더 파일</Filter>
    </ClInclude>
    <ClInclude Include="Core\Entity\Light\JLight_Spot.h">
      <Filter>헤더 파일</Filter>
    </ClInclude>
    <ClInclude Include="Core\Entity\Navigation\AStar.h">
      <Filter>헤더 파일</Filter>
    </ClInclude>
    <ClInclude Include="Core\Entity\Navigation\BigGrid.h">
      <Filter>헤더 파일</Filter>
    </ClInclude>
    <ClInclude Include="Core\Entity\Navigation\NavTest.h">
      <Filter>헤더 파일</Filter>
    </ClInclude>
    <ClInclude Include="Core\Entity\Navigation\Node.h">
      <Filter>헤더 파일</Filter>
    </ClInclude>
    <ClInclude Include="Core\Entity\Navigation\Path.h">
      <Filter>헤더 파일</Filter>
    </ClInclude>
    <ClInclude Include="Core\Entity\UI\MUIManager.h">
      <Filter>헤더 파일</Filter>
    </ClInclude>
    <ClInclude Include="Core\Gameplay\IGameMode.h">
      <Filter>헤더 파일</Filter>
    </ClInclude>
    <ClInclude Include="Core\Graphics\Material\Instance\JMaterialInstance.h">
      <Filter>헤더 파일</Filter>
    </ClInclude>
    <ClInclude Include="Core\Graphics\Material\JMaterial_2D.h">
      <Filter>헤더 파일</Filter>
    </ClInclude>
    <ClInclude Include="Core\Graphics\Material\JMaterial_Basic.h">
      <Filter>헤더 파일</Filter>
    </ClInclude>
    <ClInclude Include="Core\Graphics\Material\JMaterial_Character.h">
      <Filter>헤더 파일</Filter>
    </ClInclude>
    <ClInclude Include="Core\Graphics\Material\JMaterial_Detail.h">
      <Filter>헤더 파일</Filter>
    </ClInclude>
    <ClInclude Include="Core\Graphics\Material\JMaterial_POM.h">
      <Filter>헤더 파일</Filter>
    </ClInclude>
    <ClInclude Include="Core\Graphics\Material\JMaterial_SkySphere.h">
      <Filter>헤더 파일</Filter>
    </ClInclude>
    <ClInclude Include="Core\Graphics\Material\JMaterial_Wind.h">
      <Filter>헤더 파일</Filter>
    </ClInclude>
    <ClInclude Include="Core\Graphics\Material\MMaterialInstanceManager.h">
      <Filter>헤더 파일</Filter>
    </ClInclude>
    <ClInclude Include="Core\Graphics\Mesh\JSkeletalMeshObject.h">
      <Filter>헤더 파일</Filter>
    </ClInclude>
    <ClInclude Include="Core\Graphics\Shader\FConstantBuffer.h">
      <Filter>헤더 파일</Filter>
    </ClInclude>
    <ClInclude Include="Core\Graphics\Shader\JShader_Basic.h">
      <Filter>헤더 파일</Filter>
    </ClInclude>
    <ClInclude Include="Core\Graphics\Shader\JMaterial_Mirror.h">
      <Filter>헤더 파일</Filter>
    </ClInclude>
    <ClInclude Include="Core\Graphics\Shader\JShader_Shadow.h">
      <Filter>헤더 파일</Filter>
    </ClInclude>
    <ClInclude Include="Core\Graphics\Shader\JShader_UI.h">
      <Filter>헤더 파일</Filter>
    </ClInclude>
    <ClInclude Include="Core\Interface\JWorld.h">
      <Filter>헤더 파일</Filter>
    </ClInclude>
    <ClInclude Include="Core\Manager\MClassFactory.h">
      <Filter>헤더 파일</Filter>
    </ClInclude>
    <ClInclude Include="Core\Manager\MPoolManager.h">
      <Filter>헤더 파일</Filter>
    </ClInclude>
    <ClInclude Include="Core\Utils\SpaceDivision\SpaceDivision.h">
      <Filter>헤더 파일</Filter>
    </ClInclude>
    <ClInclude Include="Game\Src\Boss\AKillerClown.h">
      <Filter>헤더 파일</Filter>
    </ClInclude>
    <ClInclude Include="Game\Src\Boss\Animator\JKillerClownAnimator.h">
      <Filter>헤더 파일</Filter>
    </ClInclude>
    <ClInclude Include="Game\Src\Enemy\AEnemy.h">
      <Filter>헤더 파일</Filter>
    </ClInclude>
    <ClInclude Include="Game\Src\Enemy\Animator\JButcherAnimator.h">
      <Filter>헤더 파일</Filter>
    </ClInclude>
    <ClInclude Include="Game\Src\Enemy\Animator\JGirlAnimator.h">
      <Filter>헤더 파일</Filter>
    </ClInclude>
    <ClInclude Include="Game\Src\Enemy\Animator\JKihyunAnimator.h">
      <Filter>헤더 파일</Filter>
    </ClInclude>
    <ClInclude Include="Game\Src\Enemy\Animator\JPig.h">
      <Filter>헤더 파일</Filter>
    </ClInclude>
    <ClInclude Include="Game\Src\Enemy\JSpawnerComponent.h">
      <Filter>헤더 파일</Filter>
    </ClInclude>
    <ClInclude Include="Game\Src\Level\JLevel_Intro.h">
      <Filter>헤더 파일</Filter>
    </ClInclude>
    <ClInclude Include="Game\Src\Level\JLevel_Main.h">
      <Filter>헤더 파일</Filter>
    </ClInclude>
    <ClInclude Include="Game\Src\Player\APlayerCharacter.h">
      <Filter>헤더 파일</Filter>
    </ClInclude>
    <ClInclude Include="Game\Src\Player\JPlayerAnimator.h">
      <Filter>헤더 파일</Filter>
    </ClInclude>
    <ClInclude Include="Game\Src\Player\JPlayerCamera.h">
      <Filter>헤더 파일</Filter>
    </ClInclude>
    <ClInclude Include="Game\Src\Player\Weapon\AWeapon.h">
      <Filter>헤더 파일</Filter>
    </ClInclude>
    <ClInclude Include="Game\Src\Props\AInteractiveObject.h">
      <Filter>헤더 파일</Filter>
    </ClInclude>
    <ClInclude Include="Game\Src\Widget\Widget_HUD.h">
      <Filter>헤더 파일</Filter>
    </ClInclude>
    <ClInclude Include="Game\Src\Widget\Widget_IntroScene.h">
      <Filter>헤더 파일</Filter>
    </ClInclude>
    <ClInclude Include="Game\Src\Widget\Widget_LoadingScreen.h">
      <Filter>헤더 파일</Filter>
    </ClInclude>
    <ClInclude Include="GUI\Camera\GUI_Camera_Debug_Frustum.h">
      <Filter>헤더 파일</Filter>
    </ClInclude>
    <ClInclude Include="GUI\Editor\Actor\GUI_Editor_Actor.h">
      <Filter>헤더 파일</Filter>
    </ClInclude>
    <ClInclude Include="GUI\Editor\Animation\GUI_Editor_Animator.h">
      <Filter>헤더 파일</Filter>
    </ClInclude>
    <ClInclude Include="GUI\Editor\GUI_Editor_Base.h">
      <Filter>헤더 파일</Filter>
    </ClInclude>
    <ClInclude Include="GUI\Editor\Mesh\GUI_Editor_Mesh.h">
      <Filter>헤더 파일</Filter>
    </ClInclude>
    <ClInclude Include="GUI\Editor\Mesh\GUI_Editor_SkeletalMesh.h">
      <Filter>헤더 파일</Filter>
    </ClInclude>
    <ClInclude Include="GUI\Editor\UI\GUI_Editor_UI.h">
      <Filter>헤더 파일</Filter>
    </ClInclude>
    <ClInclude Include="GUI\GUI_Editor_Node.h">
      <Filter>헤더 파일</Filter>
    </ClInclude>
    <ClInclude Include="GUI\GUI_Node.h">
      <Filter>헤더 파일</Filter>
    </ClInclude>
    <ClInclude Include="GUI\Utils\GUI_Settings_Collision.h">
      <Filter>헤더 파일</Filter>
    </ClInclude>
    <ClInclude Include="GUI\Utils\GUI_Utils.h">
      <Filter>헤더 파일</Filter>
    </ClInclude>
    <ClInclude Include="Vender\include\imgui\crude_json.h">
      <Filter>헤더 파일</Filter>
    </ClInclude>
    <ClInclude Include="Vender\include\imgui\imgui_bezier_math.h">
      <Filter>헤더 파일</Filter>
    </ClInclude>
    <ClInclude Include="Vender\include\imgui\imgui_bezier_math.inl">
      <Filter>헤더 파일</Filter>
    </ClInclude>
    <ClInclude Include="Vender\include\imgui\imgui_canvas.h">
      <Filter>헤더 파일</Filter>
    </ClInclude>
    <ClInclude Include="Vender\include\imgui\imgui_extra_math.h">
      <Filter>헤더 파일</Filter>
    </ClInclude>
    <ClInclude Include="Vender\include\imgui\imgui_extra_math.inl">
      <Filter>헤더 파일</Filter>
    </ClInclude>
    <ClInclude Include="Vender\include\imgui\imgui_node_editor.h">
      <Filter>헤더 파일</Filter>
    </ClInclude>
    <ClInclude Include="Vender\include\imgui\imgui_node_editor_internal.h">
      <Filter>헤더 파일</Filter>
    </ClInclude>
    <ClInclude Include="Vender\include\imgui\imgui_node_editor_internal.inl">
      <Filter>헤더 파일</Filter>
    </ClInclude>
    <ClInclude Include="Vender\include\imgui\imgui_stdlib.h">
      <Filter>헤더 파일</Filter>
    </ClInclude>
    <ClInclude Include="Vender\include\inifile_cpp\inicpp.h">
      <Filter>헤더 파일</Filter>
    </ClInclude>
  </ItemGroup>
  <ItemGroup>
    <ClCompile Include="EntryPoint.cpp">
      <Filter>소스 파일</Filter>
    </ClCompile>
    <ClCompile Include="Core\Entity\Camera\MCameraManager.cpp">
      <Filter>소스 파일</Filter>
    </ClCompile>
    <ClCompile Include="Core\Entity\JObject.cpp">
      <Filter>소스 파일</Filter>
    </ClCompile>
    <ClCompile Include="Core\Graphics\Font\JFont.cpp">
      <Filter>소스 파일</Filter>
    </ClCompile>
    <ClCompile Include="Core\Graphics\Font\XTKFont.cpp">
      <Filter>소스 파일</Filter>
    </ClCompile>
    <ClCompile Include="Core\Graphics\Layer\XLayerBase.cpp">
      <Filter>소스 파일</Filter>
    </ClCompile>
    <ClCompile Include="Core\Graphics\Material\JMaterial.cpp">
      <Filter>소스 파일</Filter>
    </ClCompile>
    <ClCompile Include="Core\Graphics\Shader\JShader.cpp">
      <Filter>소스 파일</Filter>
    </ClCompile>
    <ClCompile Include="Core\Graphics\Shader\MShaderManager.cpp">
      <Filter>소스 파일</Filter>
    </ClCompile>
    <ClCompile Include="Core\Graphics\State\SamplerState.cpp">
      <Filter>소스 파일</Filter>
    </ClCompile>
    <ClCompile Include="Core\Graphics\Texture\JTexture.cpp">
      <Filter>소스 파일</Filter>
    </ClCompile>
    <ClCompile Include="Core\Graphics\Texture\MTextureManager.cpp">
      <Filter>소스 파일</Filter>
    </ClCompile>
    <ClCompile Include="Core\Graphics\Vertex\XTKPrimitiveBatch.cpp">
      <Filter>소스 파일</Filter>
    </ClCompile>
    <ClCompile Include="Core\Graphics\Vertex\XVertexMesh.cpp">
      <Filter>소스 파일</Filter>
    </ClCompile>
    <ClCompile Include="Core\Graphics\Viewport\MViewportManager.cpp">
      <Filter>소스 파일</Filter>
    </ClCompile>
    <ClCompile Include="Core\Input\XController.cpp">
      <Filter>소스 파일</Filter>
    </ClCompile>
    <ClCompile Include="Core\Input\XKeyboardMouse.cpp">
      <Filter>소스 파일</Filter>
    </ClCompile>
    <ClCompile Include="Core\Manager\BaseManager.cpp">
      <Filter>소스 파일</Filter>
    </ClCompile>
    <ClCompile Include="Core\Thread\ThreadPool.cpp">
      <Filter>소스 파일</Filter>
    </ClCompile>
    <ClCompile Include="Core\Thread\ThreadQueue.cpp">
      <Filter>소스 파일</Filter>
    </ClCompile>
    <ClCompile Include="Core\Utils\FileIO\JSerialization.cpp">
      <Filter>소스 파일</Filter>
    </ClCompile>
    <ClCompile Include="Core\Utils\Math\Color.cpp">
      <Filter>소스 파일</Filter>
    </ClCompile>
    <ClCompile Include="Core\Utils\Math\Math.cpp">
      <Filter>소스 파일</Filter>
    </ClCompile>
    <ClCompile Include="Core\Utils\Math\Quaternion.cpp">
      <Filter>소스 파일</Filter>
    </ClCompile>
    <ClCompile Include="Core\Utils\Math\TMatrix.cpp">
      <Filter>소스 파일</Filter>
    </ClCompile>
    <ClCompile Include="Core\Utils\Math\Vector.cpp">
      <Filter>소스 파일</Filter>
    </ClCompile>
    <ClCompile Include="Core\Utils\Math\Vector2.cpp">
      <Filter>소스 파일</Filter>
    </ClCompile>
    <ClCompile Include="Core\Utils\Math\Vector4.cpp">
      <Filter>소스 파일</Filter>
    </ClCompile>
    <ClCompile Include="Core\Utils\ObjectLoader\FbxFile.cpp">
      <Filter>소스 파일</Filter>
    </ClCompile>
    <ClCompile Include="Core\Utils\Logger.cpp">
      <Filter>소스 파일</Filter>
    </ClCompile>
    <ClCompile Include="Core\Window\Application.cpp">
      <Filter>소스 파일</Filter>
    </ClCompile>
    <ClCompile Include="Core\Window\Window.cpp">
      <Filter>소스 파일</Filter>
    </ClCompile>
    <ClCompile Include="GUI\MGUIManager.cpp">
      <Filter>소스 파일</Filter>
    </ClCompile>
    <ClCompile Include="Vender\include\imgui\imgui.cpp">
      <Filter>소스 파일</Filter>
    </ClCompile>
    <ClCompile Include="Vender\include\imgui\imgui_demo.cpp">
      <Filter>소스 파일</Filter>
    </ClCompile>
    <ClCompile Include="Vender\include\imgui\imgui_draw.cpp">
      <Filter>소스 파일</Filter>
    </ClCompile>
    <ClCompile Include="Vender\include\imgui\imgui_impl_dx11.cpp">
      <Filter>소스 파일</Filter>
    </ClCompile>
    <ClCompile Include="Vender\include\imgui\imgui_impl_win32.cpp">
      <Filter>소스 파일</Filter>
    </ClCompile>
    <ClCompile Include="Vender\include\imgui\imgui_tables.cpp">
      <Filter>소스 파일</Filter>
    </ClCompile>
    <ClCompile Include="Vender\include\imgui\imgui_widgets.cpp">
      <Filter>소스 파일</Filter>
    </ClCompile>
    <ClCompile Include="Core\Utils\Graphics\DXUtils.cpp">
      <Filter>소스 파일</Filter>
    </ClCompile>
    <ClCompile Include="Core\Graphics\Mesh\JMeshObject.cpp">
      <Filter>소스 파일</Filter>
    </ClCompile>
    <ClCompile Include="Core\Graphics\Mesh\MMeshManager.cpp">
      <Filter>소스 파일</Filter>
    </ClCompile>
    <ClCompile Include="Core\Graphics\XD3DDevice.cpp">
      <Filter>소스 파일</Filter>
    </ClCompile>
    <ClCompile Include="Core\Graphics\Material\MMaterialManager.cpp">
      <Filter>소스 파일</Filter>
    </ClCompile>
    <ClCompile Include="Core\Graphics\Mesh\JMeshData.cpp">
      <Filter>소스 파일</Filter>
    </ClCompile>
    <ClCompile Include="Core\Graphics\Shader\SFXAAEffect.cpp">
      <Filter>소스 파일</Filter>
    </ClCompile>
    <ClCompile Include="Core\Manager\IManagedInterface.cpp">
      <Filter>소스 파일</Filter>
    </ClCompile>
    <ClCompile Include="GUI\Editor\GUI_Editor_Material.cpp">
      <Filter>소스 파일</Filter>
    </ClCompile>
    <ClCompile Include="GUI\GUI_AssetBrowser.cpp">
      <Filter>소스 파일</Filter>
    </ClCompile>
    <ClCompile Include="GUI\GUI_Base.cpp">
      <Filter>소스 파일</Filter>
    </ClCompile>
    <ClCompile Include="GUI\GUI_Inspector.cpp">
      <Filter>소스 파일</Filter>
    </ClCompile>
    <ClCompile Include="GUI\GUI_Themes.cpp">
      <Filter>소스 파일</Filter>
    </ClCompile>
    <ClCompile Include="GUI\Popup\GUI_Popup_FileBrowser.cpp">
      <Filter>소스 파일</Filter>
    </ClCompile>
    <ClCompile Include="GUI\Viewport\GUI_Viewport.cpp">
      <Filter>소스 파일</Filter>
    </ClCompile>
    <ClCompile Include="GUI\Viewport\GUI_Viewport_Scene.cpp">
      <Filter>소스 파일</Filter>
    </ClCompile>
    <ClCompile Include="Core\Entity\Animation\JAnimationClip.cpp">
      <Filter>소스 파일</Filter>
    </ClCompile>
    <ClCompile Include="Core\Entity\Animation\JAnimator.cpp">
      <Filter>소스 파일</Filter>
    </ClCompile>
    <ClCompile Include="Core\Entity\Component\JActorComponent.cpp">
      <Filter>소스 파일</Filter>
    </ClCompile>
    <ClCompile Include="Core\Entity\Component\Mesh\JStaticMeshComponent.cpp">
      <Filter>소스 파일</Filter>
    </ClCompile>
    <ClCompile Include="Core\Entity\Component\Scene\JSceneComponent.cpp">
      <Filter>소스 파일</Filter>
    </ClCompile>
    <ClCompile Include="Core\Entity\LandScape\JLandScape.cpp">
      <Filter>소스 파일</Filter>
    </ClCompile>
    <ClCompile Include="Core\Entity\Level\JLevel.cpp">
      <Filter>소스 파일</Filter>
    </ClCompile>
    <ClCompile Include="Core\Entity\Level\MLevelManager.cpp">
      <Filter>소스 파일</Filter>
    </ClCompile>
    <ClCompile Include="Core\Entity\Light\JLightComponent.cpp">
      <Filter>소스 파일</Filter>
    </ClCompile>
    <ClCompile Include="Core\Utils\Collision\CollisionUtils.cpp">
      <Filter>소스 파일</Filter>
    </ClCompile>
    <ClCompile Include="GUI\Editor\LandScape\GUI_Editor_LandScape.cpp">
      <Filter>소스 파일</Filter>
    </ClCompile>
    <ClCompile Include="Core\Entity\Actor\AActor.cpp">
      <Filter>소스 파일</Filter>
    </ClCompile>
    <ClCompile Include="Core\Entity\Actor\APawn.cpp">
      <Filter>소스 파일</Filter>
    </ClCompile>
    <ClCompile Include="Core\Entity\Actor\Character\ACharacter.cpp">
      <Filter>소스 파일</Filter>
    </ClCompile>
    <ClCompile Include="Core\Entity\Actor\JSkeletalMeshActor.cpp">
      <Filter>소스 파일</Filter>
    </ClCompile>
    <ClCompile Include="Core\Entity\Actor\JStaticMeshActor.cpp">
      <Filter>소스 파일</Filter>
    </ClCompile>
    <ClCompile Include="Core\Entity\Animation\MAnimManager.cpp">
      <Filter>소스 파일</Filter>
    </ClCompile>
    <ClCompile Include="Core\Entity\Audio\JAudioComponent.cpp">
      <Filter>소스 파일</Filter>
    </ClCompile>
    <ClCompile Include="Core\Entity\Audio\MSoundManager.cpp">
      <Filter>소스 파일</Filter>
    </ClCompile>
    <ClCompile Include="Core\Entity\Camera\JCameraComponent.cpp">
      <Filter>소스 파일</Filter>
    </ClCompile>
    <ClCompile Include="Core\Entity\Component\AI\BtBase.cpp">
      <Filter>소스 파일</Filter>
    </ClCompile>
    <ClCompile Include="Core\Entity\Component\AI\BTBuilder.cpp">
      <Filter>소스 파일</Filter>
    </ClCompile>
    <ClCompile Include="Core\Entity\Component\AI\BT_BigZombie.cpp">
      <Filter>소스 파일</Filter>
    </ClCompile>
    <ClCompile Include="Core\Entity\Component\AI\BT_BOSS.cpp">
      <Filter>소스 파일</Filter>
    </ClCompile>
    <ClCompile Include="Core\Entity\Component\AI\BT_Butcher.cpp">
      <Filter>소스 파일</Filter>
    </ClCompile>
    <ClCompile Include="Core\Entity\Component\AI\BT_Girl.cpp">
      <Filter>소스 파일</Filter>
    </ClCompile>
    <ClCompile Include="Core\Entity\Component\AI\BT_Pig.cpp">
      <Filter>소스 파일</Filter>
    </ClCompile>
    <ClCompile Include="Core\Entity\Component\AI\Node.cpp">
      <Filter>소스 파일</Filter>
    </ClCompile>
    <ClCompile Include="Core\Entity\Component\Mesh\JSkeletalMeshComponent.cpp">
      <Filter>소스 파일</Filter>
    </ClCompile>
    <ClCompile Include="Core\Entity\Component\Movement\JPawnMovementComponent.cpp">
      <Filter>소스 파일</Filter>
    </ClCompile>
    <ClCompile Include="Core\Entity\Component\Scene\Shape\Collision\MCollisionManager.cpp">
      <Filter>소스 파일</Filter>
    </ClCompile>
    <ClCompile Include="Core\Entity\Component\Scene\Shape\JShape.cpp">
      <Filter>소스 파일</Filter>
    </ClCompile>
    <ClCompile Include="Core\Entity\Light\JLight_Point.cpp">
      <Filter>소스 파일</Filter>
    </ClCompile>
    <ClCompile Include="Core\Entity\Light\JLight_Spot.cpp">
      <Filter>소스 파일</Filter>
    </ClCompile>
    <ClCompile Include="Core\Entity\Navigation\AStar.cpp">
      <Filter>소스 파일</Filter>
    </ClCompile>
    <ClCompile Include="Core\Entity\Navigation\BigGrid.cpp">
      <Filter>소스 파일</Filter>
    </ClCompile>
    <ClCompile Include="Core\Entity\Navigation\NavTest.cpp">
      <Filter>소스 파일</Filter>
    </ClCompile>
    <ClCompile Include="Core\Entity\Navigation\Node.cpp">
      <Filter>소스 파일</Filter>
    </ClCompile>
    <ClCompile Include="Core\Entity\Navigation\Path.cpp">
      <Filter>소스 파일</Filter>
    </ClCompile>
    <ClCompile Include="Core\Entity\UI\MUIManager.cpp">
      <Filter>소스 파일</Filter>
    </ClCompile>
    <ClCompile Include="Core\Gameplay\IGameMode.cpp">
      <Filter>소스 파일</Filter>
    </ClCompile>
    <ClCompile Include="Core\Graphics\Material\Instance\JMaterialInstance.cpp">
      <Filter>소스 파일</Filter>
    </ClCompile>
    <ClCompile Include="Core\Graphics\Material\JMaterial_2D.cpp">
      <Filter>소스 파일</Filter>
    </ClCompile>
    <ClCompile Include="Core\Graphics\Material\JMaterial_Basic.cpp">
      <Filter>소스 파일</Filter>
    </ClCompile>
    <ClCompile Include="Core\Graphics\Material\JMaterial_Character.cpp">
      <Filter>소스 파일</Filter>
    </ClCompile>
    <ClCompile Include="Core\Graphics\Material\JMaterial_Detail.cpp">
      <Filter>소스 파일</Filter>
    </ClCompile>
    <ClCompile Include="Core\Graphics\Material\JMaterial_POM.cpp">
      <Filter>소스 파일</Filter>
    </ClCompile>
    <ClCompile Include="Core\Graphics\Material\JMaterial_SkySphere.cpp">
      <Filter>소스 파일</Filter>
    </ClCompile>
    <ClCompile Include="Core\Graphics\Material\JMaterial_Wind.cpp">
      <Filter>소스 파일</Filter>
    </ClCompile>
    <ClCompile Include="Core\Graphics\Material\MMaterialInstanceManager.cpp">
      <Filter>소스 파일</Filter>
    </ClCompile>
    <ClCompile Include="Core\Graphics\Mesh\JSkeletalMeshObject.cpp">
      <Filter>소스 파일</Filter>
    </ClCompile>
    <ClCompile Include="Core\Graphics\Shader\FConstantBuffer.cpp">
      <Filter>소스 파일</Filter>
    </ClCompile>
    <ClCompile Include="Core\Graphics\Shader\JShader_Basic.cpp">
      <Filter>소스 파일</Filter>
    </ClCompile>
    <ClCompile Include="Core\Graphics\Shader\JMaterial_Mirror.cpp">
      <Filter>소스 파일</Filter>
    </ClCompile>
    <ClCompile Include="Core\Graphics\Shader\JShader_Shadow.cpp">
      <Filter>소스 파일</Filter>
    </ClCompile>
    <ClCompile Include="Core\Graphics\Shader\JShader_UI.cpp">
      <Filter>소스 파일</Filter>
    </ClCompile>
    <ClCompile Include="Core\Interface\JWorld.cpp">
      <Filter>소스 파일</Filter>
    </ClCompile>
    <ClCompile Include="Core\Manager\MClassFactory.cpp">
      <Filter>소스 파일</Filter>
    </ClCompile>
    <ClCompile Include="Core\Manager\MPoolManager.cpp">
      <Filter>소스 파일</Filter>
    </ClCompile>
    <ClCompile Include="Core\Utils\SpaceDivision\SpaceDivision.cpp">
      <Filter>소스 파일</Filter>
    </ClCompile>
    <ClCompile Include="Game\Src\Boss\AKillerClown.cpp">
      <Filter>소스 파일</Filter>
    </ClCompile>
    <ClCompile Include="Game\Src\Boss\Animator\JKillerClownAnimator.cpp">
      <Filter>소스 파일</Filter>
    </ClCompile>
    <ClCompile Include="Game\Src\Enemy\AEnemy.cpp">
      <Filter>소스 파일</Filter>
    </ClCompile>
    <ClCompile Include="Game\Src\Enemy\Animator\JButcherAnimator.cpp">
      <Filter>소스 파일</Filter>
    </ClCompile>
    <ClCompile Include="Game\Src\Enemy\Animator\JGirlAnimator.cpp">
      <Filter>소스 파일</Filter>
    </ClCompile>
    <ClCompile Include="Game\Src\Enemy\Animator\JKihyunAnimator.cpp">
      <Filter>소스 파일</Filter>
    </ClCompile>
    <ClCompile Include="Game\Src\Enemy\Animator\JPig.cpp">
      <Filter>소스 파일</Filter>
    </ClCompile>
    <ClCompile Include="Game\Src\Enemy\JSpawnerComponent.cpp">
      <Filter>소스 파일</Filter>
    </ClCompile>
    <ClCompile Include="Game\Src\Level\JLevel_Intro.cpp">
      <Filter>소스 파일</Filter>
    </ClCompile>
    <ClCompile Include="Game\Src\Level\JLevel_Main.cpp">
      <Filter>소스 파일</Filter>
    </ClCompile>
    <ClCompile Include="Game\Src\Player\APlayerCharacter.cpp">
      <Filter>소스 파일</Filter>
    </ClCompile>
    <ClCompile Include="Game\Src\Player\JPlayerAnimator.cpp">
      <Filter>소스 파일</Filter>
    </ClCompile>
    <ClCompile Include="Game\Src\Player\JPlayerCamera.cpp">
      <Filter>소스 파일</Filter>
    </ClCompile>
    <ClCompile Include="Game\Src\Player\Weapon\AWeapon.cpp">
      <Filter>소스 파일</Filter>
    </ClCompile>
    <ClCompile Include="Game\Src\Props\AInteractiveObject.cpp">
      <Filter>소스 파일</Filter>
    </ClCompile>
    <ClCompile Include="Game\Src\Widget\Widget_HUD.cpp">
      <Filter>소스 파일</Filter>
    </ClCompile>
    <ClCompile Include="Game\Src\Widget\Widget_IntroScene.cpp">
      <Filter>소스 파일</Filter>
    </ClCompile>
    <ClCompile Include="Game\Src\Widget\Widget_LoadingScreen.cpp">
      <Filter>소스 파일</Filter>
    </ClCompile>
    <ClCompile Include="GUI\Camera\GUI_Camera_Debug_Frustum.cpp">
      <Filter>소스 파일</Filter>
    </ClCompile>
    <ClCompile Include="GUI\Editor\Actor\GUI_Editor_Actor.cpp">
      <Filter>소스 파일</Filter>
    </ClCompile>
    <ClCompile Include="GUI\Editor\Animation\GUI_Editor_Animator.cpp">
      <Filter>소스 파일</Filter>
    </ClCompile>
    <ClCompile Include="GUI\Editor\GUI_Editor_Base.cpp">
      <Filter>소스 파일</Filter>
    </ClCompile>
    <ClCompile Include="GUI\Editor\Mesh\GUI_Editor_Mesh.cpp">
      <Filter>소스 파일</Filter>
    </ClCompile>
    <ClCompile Include="GUI\Editor\Mesh\GUI_Editor_SkeletalMesh.cpp">
      <Filter>소스 파일</Filter>
    </ClCompile>
    <ClCompile Include="GUI\Editor\UI\GUI_Editor_UI.cpp">
      <Filter>소스 파일</Filter>
    </ClCompile>
    <ClCompile Include="GUI\GUI_Editor_Node.cpp">
      <Filter>소스 파일</Filter>
    </ClCompile>
    <ClCompile Include="GUI\GUI_Node.cpp">
      <Filter>소스 파일</Filter>
    </ClCompile>
    <ClCompile Include="GUI\Utils\GUI_Settings_Collision.cpp">
      <Filter>소스 파일</Filter>
    </ClCompile>
    <ClCompile Include="GUI\Utils\GUI_Utils.cpp">
      <Filter>소스 파일</Filter>
    </ClCompile>
    <ClCompile Include="Vender\include\imgui\crude_json.cpp">
      <Filter>소스 파일</Filter>
    </ClCompile>
    <ClCompile Include="Vender\include\imgui\imgui_canvas.cpp">
      <Filter>소스 파일</Filter>
    </ClCompile>
    <ClCompile Include="Vender\include\imgui\imgui_node_editor.cpp">
      <Filter>소스 파일</Filter>
    </ClCompile>
    <ClCompile Include="Vender\include\imgui\imgui_node_editor_api.cpp">
      <Filter>소스 파일</Filter>
    </ClCompile>
    <ClCompile Include="Vender\include\imgui\imgui_stdlib.cpp">
      <Filter>소스 파일</Filter>
    </ClCompile>
  </ItemGroup>
  <ItemGroup>
    <None Include="Shader\Basic_2D.hlsl" />
    <None Include="Shader\CommonConstantBuffers.hlslinc" />
    <None Include="Shader\CommonTextures.hlslinc" />
    <None Include="Shader\DepthMap.hlsl" />
    <None Include="Shader\FBMP.hlsl" />
    <None Include="Shader\FBMP_UI.hlsl" />
    <None Include="Shader\HorrorMap_Detail.hlsl" />
    <None Include="Shader\HorrorMap_POM.hlsl" />
    <None Include="Shader\InputLayout.hlslinc" />
    <None Include="Shader\Params.hlslinc" />
    <None Include="Shader\Mirror.hlsl" />
    <None Include="Shader\ShaderUtils.hlslinc" />
    <None Include="Shader\SimpleColor.hlsl" />
    <None Include="Shader\SkyBox.hlsl" />
    <None Include="Shader\SkySphere.hlsl" />
    <None Include="Shader\Basic.hlsl" />
    <None Include="Shader\Gnomon.hlsl" />
    <None Include="Shader\LandScape.hlsl" />
    <None Include="Shader\Decal_Color.hlsl" />
  </ItemGroup>
</Project>